// !$*UTF8*$!
{
	archiveVersion = 1;
	classes = {
	};
	objectVersion = 56;
	objects = {

/* Begin PBXBuildFile section */
		B08EB78C2AF8C1CE00A146E7 /* AppDelegate.swift in Sources */ = {isa = PBXBuildFile; fileRef = B08EB78B2AF8C1CE00A146E7 /* AppDelegate.swift */; };
		B08EB78E2AF8C1CE00A146E7 /* SceneDelegate.swift in Sources */ = {isa = PBXBuildFile; fileRef = B08EB78D2AF8C1CE00A146E7 /* SceneDelegate.swift */; };
		B08EB7902AF8C1CE00A146E7 /* ViewController.swift in Sources */ = {isa = PBXBuildFile; fileRef = B08EB78F2AF8C1CE00A146E7 /* ViewController.swift */; };
		B08EB7932AF8C1CE00A146E7 /* Main.storyboard in Resources */ = {isa = PBXBuildFile; fileRef = B08EB7912AF8C1CE00A146E7 /* Main.storyboard */; };
		B08EB7952AF8C1D700A146E7 /* Assets.xcassets in Resources */ = {isa = PBXBuildFile; fileRef = B08EB7942AF8C1D700A146E7 /* Assets.xcassets */; };
		B08EB7982AF8C1D700A146E7 /* LaunchScreen.storyboard in Resources */ = {isa = PBXBuildFile; fileRef = B08EB7962AF8C1D700A146E7 /* LaunchScreen.storyboard */; };
		B08EB7A32AF8C1D900A146E7 /* DisneyCharacterInfoTests.swift in Sources */ = {isa = PBXBuildFile; fileRef = B08EB7A22AF8C1D900A146E7 /* DisneyCharacterInfoTests.swift */; };
		B08EB7AD2AF8C1D900A146E7 /* DisneyCharacterInfoUITests.swift in Sources */ = {isa = PBXBuildFile; fileRef = B08EB7AC2AF8C1D900A146E7 /* DisneyCharacterInfoUITests.swift */; };
		B08EB7AF2AF8C1D900A146E7 /* DisneyCharacterInfoUITestsLaunchTests.swift in Sources */ = {isa = PBXBuildFile; fileRef = B08EB7AE2AF8C1D900A146E7 /* DisneyCharacterInfoUITestsLaunchTests.swift */; };
/* End PBXBuildFile section */

/* Begin PBXContainerItemProxy section */
		B08EB79F2AF8C1D800A146E7 /* PBXContainerItemProxy */ = {
			isa = PBXContainerItemProxy;
			containerPortal = B08EB7802AF8C1CE00A146E7 /* Project object */;
			proxyType = 1;
			remoteGlobalIDString = B08EB7872AF8C1CE00A146E7;
			remoteInfo = DisneyCharacterInfo;
		};
		B08EB7A92AF8C1D900A146E7 /* PBXContainerItemProxy */ = {
			isa = PBXContainerItemProxy;
			containerPortal = B08EB7802AF8C1CE00A146E7 /* Project object */;
			proxyType = 1;
			remoteGlobalIDString = B08EB7872AF8C1CE00A146E7;
			remoteInfo = DisneyCharacterInfo;
		};
/* End PBXContainerItemProxy section */

/* Begin PBXFileReference section */
		B08EB7882AF8C1CE00A146E7 /* DisneyCharacterInfo.app */ = {isa = PBXFileReference; explicitFileType = wrapper.application; includeInIndex = 0; path = DisneyCharacterInfo.app; sourceTree = BUILT_PRODUCTS_DIR; };
		B08EB78B2AF8C1CE00A146E7 /* AppDelegate.swift */ = {isa = PBXFileReference; lastKnownFileType = sourcecode.swift; path = AppDelegate.swift; sourceTree = "<group>"; };
		B08EB78D2AF8C1CE00A146E7 /* SceneDelegate.swift */ = {isa = PBXFileReference; lastKnownFileType = sourcecode.swift; path = SceneDelegate.swift; sourceTree = "<group>"; };
		B08EB78F2AF8C1CE00A146E7 /* ViewController.swift */ = {isa = PBXFileReference; lastKnownFileType = sourcecode.swift; path = ViewController.swift; sourceTree = "<group>"; };
		B08EB7922AF8C1CE00A146E7 /* Base */ = {isa = PBXFileReference; lastKnownFileType = file.storyboard; name = Base; path = Base.lproj/Main.storyboard; sourceTree = "<group>"; };
		B08EB7942AF8C1D700A146E7 /* Assets.xcassets */ = {isa = PBXFileReference; lastKnownFileType = folder.assetcatalog; path = Assets.xcassets; sourceTree = "<group>"; };
		B08EB7972AF8C1D700A146E7 /* Base */ = {isa = PBXFileReference; lastKnownFileType = file.storyboard; name = Base; path = Base.lproj/LaunchScreen.storyboard; sourceTree = "<group>"; };
		B08EB7992AF8C1D700A146E7 /* Info.plist */ = {isa = PBXFileReference; lastKnownFileType = text.plist.xml; path = Info.plist; sourceTree = "<group>"; };
		B08EB79E2AF8C1D800A146E7 /* DisneyCharacterInfoTests.xctest */ = {isa = PBXFileReference; explicitFileType = wrapper.cfbundle; includeInIndex = 0; path = DisneyCharacterInfoTests.xctest; sourceTree = BUILT_PRODUCTS_DIR; };
		B08EB7A22AF8C1D900A146E7 /* DisneyCharacterInfoTests.swift */ = {isa = PBXFileReference; lastKnownFileType = sourcecode.swift; path = DisneyCharacterInfoTests.swift; sourceTree = "<group>"; };
		B08EB7A82AF8C1D900A146E7 /* DisneyCharacterInfoUITests.xctest */ = {isa = PBXFileReference; explicitFileType = wrapper.cfbundle; includeInIndex = 0; path = DisneyCharacterInfoUITests.xctest; sourceTree = BUILT_PRODUCTS_DIR; };
		B08EB7AC2AF8C1D900A146E7 /* DisneyCharacterInfoUITests.swift */ = {isa = PBXFileReference; lastKnownFileType = sourcecode.swift; path = DisneyCharacterInfoUITests.swift; sourceTree = "<group>"; };
		B08EB7AE2AF8C1D900A146E7 /* DisneyCharacterInfoUITestsLaunchTests.swift */ = {isa = PBXFileReference; lastKnownFileType = sourcecode.swift; path = DisneyCharacterInfoUITestsLaunchTests.swift; sourceTree = "<group>"; };
		B08EB7BB2AF8C43700A146E7 /* README.md */ = {isa = PBXFileReference; lastKnownFileType = net.daringfireball.markdown; path = README.md; sourceTree = "<group>"; };
/* End PBXFileReference section */

/* Begin PBXFrameworksBuildPhase section */
		B08EB7852AF8C1CE00A146E7 /* Frameworks */ = {
			isa = PBXFrameworksBuildPhase;
			buildActionMask = 2147483647;
			files = (
			);
			runOnlyForDeploymentPostprocessing = 0;
		};
		B08EB79B2AF8C1D800A146E7 /* Frameworks */ = {
			isa = PBXFrameworksBuildPhase;
			buildActionMask = 2147483647;
			files = (
			);
			runOnlyForDeploymentPostprocessing = 0;
		};
		B08EB7A52AF8C1D900A146E7 /* Frameworks */ = {
			isa = PBXFrameworksBuildPhase;
			buildActionMask = 2147483647;
			files = (
			);
			runOnlyForDeploymentPostprocessing = 0;
		};
/* End PBXFrameworksBuildPhase section */

/* Begin PBXGroup section */
		B08EB77F2AF8C1CE00A146E7 = {
			isa = PBXGroup;
			children = (
				B08EB7BB2AF8C43700A146E7 /* README.md */,
				B08EB78A2AF8C1CE00A146E7 /* DisneyCharacterInfo */,
				B08EB7A12AF8C1D900A146E7 /* DisneyCharacterInfoTests */,
				B08EB7AB2AF8C1D900A146E7 /* DisneyCharacterInfoUITests */,
				B08EB7892AF8C1CE00A146E7 /* Products */,
			);
			sourceTree = "<group>";
		};
		B08EB7892AF8C1CE00A146E7 /* Products */ = {
			isa = PBXGroup;
			children = (
				B08EB7882AF8C1CE00A146E7 /* DisneyCharacterInfo.app */,
				B08EB79E2AF8C1D800A146E7 /* DisneyCharacterInfoTests.xctest */,
				B08EB7A82AF8C1D900A146E7 /* DisneyCharacterInfoUITests.xctest */,
			);
			name = Products;
			sourceTree = "<group>";
		};
		B08EB78A2AF8C1CE00A146E7 /* DisneyCharacterInfo */ = {
			isa = PBXGroup;
			children = (
				B08EB78B2AF8C1CE00A146E7 /* AppDelegate.swift */,
				B08EB78D2AF8C1CE00A146E7 /* SceneDelegate.swift */,
				B08EB78F2AF8C1CE00A146E7 /* ViewController.swift */,
				B08EB7912AF8C1CE00A146E7 /* Main.storyboard */,
				B08EB7942AF8C1D700A146E7 /* Assets.xcassets */,
				B08EB7962AF8C1D700A146E7 /* LaunchScreen.storyboard */,
				B08EB7992AF8C1D700A146E7 /* Info.plist */,
			);
			path = DisneyCharacterInfo;
			sourceTree = "<group>";
		};
		B08EB7A12AF8C1D900A146E7 /* DisneyCharacterInfoTests */ = {
			isa = PBXGroup;
			children = (
				B08EB7A22AF8C1D900A146E7 /* DisneyCharacterInfoTests.swift */,
			);
			path = DisneyCharacterInfoTests;
			sourceTree = "<group>";
		};
		B08EB7AB2AF8C1D900A146E7 /* DisneyCharacterInfoUITests */ = {
			isa = PBXGroup;
			children = (
				B08EB7AC2AF8C1D900A146E7 /* DisneyCharacterInfoUITests.swift */,
				B08EB7AE2AF8C1D900A146E7 /* DisneyCharacterInfoUITestsLaunchTests.swift */,
			);
			path = DisneyCharacterInfoUITests;
			sourceTree = "<group>";
		};
/* End PBXGroup section */

/* Begin PBXNativeTarget section */
		B08EB7872AF8C1CE00A146E7 /* DisneyCharacterInfo */ = {
			isa = PBXNativeTarget;
			buildConfigurationList = B08EB7B22AF8C1D900A146E7 /* Build configuration list for PBXNativeTarget "DisneyCharacterInfo" */;
			buildPhases = (
				B08EB7842AF8C1CE00A146E7 /* Sources */,
				B08EB7852AF8C1CE00A146E7 /* Frameworks */,
				B08EB7862AF8C1CE00A146E7 /* Resources */,
			);
			buildRules = (
			);
			dependencies = (
			);
			name = DisneyCharacterInfo;
			productName = DisneyCharacterInfo;
			productReference = B08EB7882AF8C1CE00A146E7 /* DisneyCharacterInfo.app */;
			productType = "com.apple.product-type.application";
		};
		B08EB79D2AF8C1D800A146E7 /* DisneyCharacterInfoTests */ = {
			isa = PBXNativeTarget;
			buildConfigurationList = B08EB7B52AF8C1D900A146E7 /* Build configuration list for PBXNativeTarget "DisneyCharacterInfoTests" */;
			buildPhases = (
				B08EB79A2AF8C1D800A146E7 /* Sources */,
				B08EB79B2AF8C1D800A146E7 /* Frameworks */,
				B08EB79C2AF8C1D800A146E7 /* Resources */,
			);
			buildRules = (
			);
			dependencies = (
				B08EB7A02AF8C1D800A146E7 /* PBXTargetDependency */,
			);
			name = DisneyCharacterInfoTests;
			productName = DisneyCharacterInfoTests;
			productReference = B08EB79E2AF8C1D800A146E7 /* DisneyCharacterInfoTests.xctest */;
			productType = "com.apple.product-type.bundle.unit-test";
		};
		B08EB7A72AF8C1D900A146E7 /* DisneyCharacterInfoUITests */ = {
			isa = PBXNativeTarget;
			buildConfigurationList = B08EB7B82AF8C1D900A146E7 /* Build configuration list for PBXNativeTarget "DisneyCharacterInfoUITests" */;
			buildPhases = (
				B08EB7A42AF8C1D900A146E7 /* Sources */,
				B08EB7A52AF8C1D900A146E7 /* Frameworks */,
				B08EB7A62AF8C1D900A146E7 /* Resources */,
			);
			buildRules = (
			);
			dependencies = (
				B08EB7AA2AF8C1D900A146E7 /* PBXTargetDependency */,
			);
			name = DisneyCharacterInfoUITests;
			productName = DisneyCharacterInfoUITests;
			productReference = B08EB7A82AF8C1D900A146E7 /* DisneyCharacterInfoUITests.xctest */;
			productType = "com.apple.product-type.bundle.ui-testing";
		};
/* End PBXNativeTarget section */

/* Begin PBXProject section */
		B08EB7802AF8C1CE00A146E7 /* Project object */ = {
			isa = PBXProject;
			attributes = {
				BuildIndependentTargetsInParallel = 1;
				LastSwiftUpdateCheck = 1500;
				LastUpgradeCheck = 1500;
				TargetAttributes = {
					B08EB7872AF8C1CE00A146E7 = {
						CreatedOnToolsVersion = 15.0.1;
					};
					B08EB79D2AF8C1D800A146E7 = {
						CreatedOnToolsVersion = 15.0.1;
						TestTargetID = B08EB7872AF8C1CE00A146E7;
					};
					B08EB7A72AF8C1D900A146E7 = {
						CreatedOnToolsVersion = 15.0.1;
						TestTargetID = B08EB7872AF8C1CE00A146E7;
					};
				};
			};
			buildConfigurationList = B08EB7832AF8C1CE00A146E7 /* Build configuration list for PBXProject "DisneyCharacterInfo" */;
			compatibilityVersion = "Xcode 14.0";
			developmentRegion = en;
			hasScannedForEncodings = 0;
			knownRegions = (
				en,
				Base,
			);
			mainGroup = B08EB77F2AF8C1CE00A146E7;
			productRefGroup = B08EB7892AF8C1CE00A146E7 /* Products */;
			projectDirPath = "";
			projectRoot = "";
			targets = (
				B08EB7872AF8C1CE00A146E7 /* DisneyCharacterInfo */,
				B08EB79D2AF8C1D800A146E7 /* DisneyCharacterInfoTests */,
				B08EB7A72AF8C1D900A146E7 /* DisneyCharacterInfoUITests */,
			);
		};
/* End PBXProject section */

/* Begin PBXResourcesBuildPhase section */
		B08EB7862AF8C1CE00A146E7 /* Resources */ = {
			isa = PBXResourcesBuildPhase;
			buildActionMask = 2147483647;
			files = (
				B08EB7982AF8C1D700A146E7 /* LaunchScreen.storyboard in Resources */,
				B08EB7952AF8C1D700A146E7 /* Assets.xcassets in Resources */,
				B08EB7932AF8C1CE00A146E7 /* Main.storyboard in Resources */,
			);
			runOnlyForDeploymentPostprocessing = 0;
		};
		B08EB79C2AF8C1D800A146E7 /* Resources */ = {
			isa = PBXResourcesBuildPhase;
			buildActionMask = 2147483647;
			files = (
			);
			runOnlyForDeploymentPostprocessing = 0;
		};
		B08EB7A62AF8C1D900A146E7 /* Resources */ = {
			isa = PBXResourcesBuildPhase;
			buildActionMask = 2147483647;
			files = (
			);
			runOnlyForDeploymentPostprocessing = 0;
		};
/* End PBXResourcesBuildPhase section */

/* Begin PBXSourcesBuildPhase section */
		B08EB7842AF8C1CE00A146E7 /* Sources */ = {
			isa = PBXSourcesBuildPhase;
			buildActionMask = 2147483647;
			files = (
				B08EB7902AF8C1CE00A146E7 /* ViewController.swift in Sources */,
				B08EB78C2AF8C1CE00A146E7 /* AppDelegate.swift in Sources */,
				B08EB78E2AF8C1CE00A146E7 /* SceneDelegate.swift in Sources */,
			);
			runOnlyForDeploymentPostprocessing = 0;
		};
		B08EB79A2AF8C1D800A146E7 /* Sources */ = {
			isa = PBXSourcesBuildPhase;
			buildActionMask = 2147483647;
			files = (
				B08EB7A32AF8C1D900A146E7 /* DisneyCharacterInfoTests.swift in Sources */,
			);
			runOnlyForDeploymentPostprocessing = 0;
		};
		B08EB7A42AF8C1D900A146E7 /* Sources */ = {
			isa = PBXSourcesBuildPhase;
			buildActionMask = 2147483647;
			files = (
				B08EB7AF2AF8C1D900A146E7 /* DisneyCharacterInfoUITestsLaunchTests.swift in Sources */,
				B08EB7AD2AF8C1D900A146E7 /* DisneyCharacterInfoUITests.swift in Sources */,
			);
			runOnlyForDeploymentPostprocessing = 0;
		};
/* End PBXSourcesBuildPhase section */

/* Begin PBXTargetDependency section */
		B08EB7A02AF8C1D800A146E7 /* PBXTargetDependency */ = {
			isa = PBXTargetDependency;
			target = B08EB7872AF8C1CE00A146E7 /* DisneyCharacterInfo */;
			targetProxy = B08EB79F2AF8C1D800A146E7 /* PBXContainerItemProxy */;
		};
		B08EB7AA2AF8C1D900A146E7 /* PBXTargetDependency */ = {
			isa = PBXTargetDependency;
			target = B08EB7872AF8C1CE00A146E7 /* DisneyCharacterInfo */;
			targetProxy = B08EB7A92AF8C1D900A146E7 /* PBXContainerItemProxy */;
		};
/* End PBXTargetDependency section */

/* Begin PBXVariantGroup section */
		B08EB7912AF8C1CE00A146E7 /* Main.storyboard */ = {
			isa = PBXVariantGroup;
			children = (
				B08EB7922AF8C1CE00A146E7 /* Base */,
			);
			name = Main.storyboard;
			sourceTree = "<group>";
		};
		B08EB7962AF8C1D700A146E7 /* LaunchScreen.storyboard */ = {
			isa = PBXVariantGroup;
			children = (
				B08EB7972AF8C1D700A146E7 /* Base */,
			);
			name = LaunchScreen.storyboard;
			sourceTree = "<group>";
		};
/* End PBXVariantGroup section */

/* Begin XCBuildConfiguration section */
		B08EB7B02AF8C1D900A146E7 /* Debug */ = {
			isa = XCBuildConfiguration;
			buildSettings = {
				ALWAYS_SEARCH_USER_PATHS = NO;
				ASSETCATALOG_COMPILER_GENERATE_SWIFT_ASSET_SYMBOL_EXTENSIONS = YES;
				CLANG_ANALYZER_NONNULL = YES;
				CLANG_ANALYZER_NUMBER_OBJECT_CONVERSION = YES_AGGRESSIVE;
				CLANG_CXX_LANGUAGE_STANDARD = "gnu++20";
				CLANG_ENABLE_MODULES = YES;
				CLANG_ENABLE_OBJC_ARC = YES;
				CLANG_ENABLE_OBJC_WEAK = YES;
				CLANG_WARN_BLOCK_CAPTURE_AUTORELEASING = YES;
				CLANG_WARN_BOOL_CONVERSION = YES;
				CLANG_WARN_COMMA = YES;
				CLANG_WARN_CONSTANT_CONVERSION = YES;
				CLANG_WARN_DEPRECATED_OBJC_IMPLEMENTATIONS = YES;
				CLANG_WARN_DIRECT_OBJC_ISA_USAGE = YES_ERROR;
				CLANG_WARN_DOCUMENTATION_COMMENTS = YES;
				CLANG_WARN_EMPTY_BODY = YES;
				CLANG_WARN_ENUM_CONVERSION = YES;
				CLANG_WARN_INFINITE_RECURSION = YES;
				CLANG_WARN_INT_CONVERSION = YES;
				CLANG_WARN_NON_LITERAL_NULL_CONVERSION = YES;
				CLANG_WARN_OBJC_IMPLICIT_RETAIN_SELF = YES;
				CLANG_WARN_OBJC_LITERAL_CONVERSION = YES;
				CLANG_WARN_OBJC_ROOT_CLASS = YES_ERROR;
				CLANG_WARN_QUOTED_INCLUDE_IN_FRAMEWORK_HEADER = YES;
				CLANG_WARN_RANGE_LOOP_ANALYSIS = YES;
				CLANG_WARN_STRICT_PROTOTYPES = YES;
				CLANG_WARN_SUSPICIOUS_MOVE = YES;
				CLANG_WARN_UNGUARDED_AVAILABILITY = YES_AGGRESSIVE;
				CLANG_WARN_UNREACHABLE_CODE = YES;
				CLANG_WARN__DUPLICATE_METHOD_MATCH = YES;
				COPY_PHASE_STRIP = NO;
				DEBUG_INFORMATION_FORMAT = dwarf;
				ENABLE_STRICT_OBJC_MSGSEND = YES;
				ENABLE_TESTABILITY = YES;
				ENABLE_USER_SCRIPT_SANDBOXING = YES;
				GCC_C_LANGUAGE_STANDARD = gnu17;
				GCC_DYNAMIC_NO_PIC = NO;
				GCC_NO_COMMON_BLOCKS = YES;
				GCC_OPTIMIZATION_LEVEL = 0;
				GCC_PREPROCESSOR_DEFINITIONS = (
					"DEBUG=1",
					"$(inherited)",
				);
				GCC_WARN_64_TO_32_BIT_CONVERSION = YES;
				GCC_WARN_ABOUT_RETURN_TYPE = YES_ERROR;
				GCC_WARN_UNDECLARED_SELECTOR = YES;
				GCC_WARN_UNINITIALIZED_AUTOS = YES_AGGRESSIVE;
				GCC_WARN_UNUSED_FUNCTION = YES;
				GCC_WARN_UNUSED_VARIABLE = YES;
				IPHONEOS_DEPLOYMENT_TARGET = 17.0;
				LOCALIZATION_PREFERS_STRING_CATALOGS = YES;
				MTL_ENABLE_DEBUG_INFO = INCLUDE_SOURCE;
				MTL_FAST_MATH = YES;
				ONLY_ACTIVE_ARCH = YES;
				SDKROOT = iphoneos;
				SWIFT_ACTIVE_COMPILATION_CONDITIONS = "DEBUG $(inherited)";
				SWIFT_OPTIMIZATION_LEVEL = "-Onone";
			};
			name = Debug;
		};
		B08EB7B12AF8C1D900A146E7 /* Release */ = {
			isa = XCBuildConfiguration;
			buildSettings = {
				ALWAYS_SEARCH_USER_PATHS = NO;
				ASSETCATALOG_COMPILER_GENERATE_SWIFT_ASSET_SYMBOL_EXTENSIONS = YES;
				CLANG_ANALYZER_NONNULL = YES;
				CLANG_ANALYZER_NUMBER_OBJECT_CONVERSION = YES_AGGRESSIVE;
				CLANG_CXX_LANGUAGE_STANDARD = "gnu++20";
				CLANG_ENABLE_MODULES = YES;
				CLANG_ENABLE_OBJC_ARC = YES;
				CLANG_ENABLE_OBJC_WEAK = YES;
				CLANG_WARN_BLOCK_CAPTURE_AUTORELEASING = YES;
				CLANG_WARN_BOOL_CONVERSION = YES;
				CLANG_WARN_COMMA = YES;
				CLANG_WARN_CONSTANT_CONVERSION = YES;
				CLANG_WARN_DEPRECATED_OBJC_IMPLEMENTATIONS = YES;
				CLANG_WARN_DIRECT_OBJC_ISA_USAGE = YES_ERROR;
				CLANG_WARN_DOCUMENTATION_COMMENTS = YES;
				CLANG_WARN_EMPTY_BODY = YES;
				CLANG_WARN_ENUM_CONVERSION = YES;
				CLANG_WARN_INFINITE_RECURSION = YES;
				CLANG_WARN_INT_CONVERSION = YES;
				CLANG_WARN_NON_LITERAL_NULL_CONVERSION = YES;
				CLANG_WARN_OBJC_IMPLICIT_RETAIN_SELF = YES;
				CLANG_WARN_OBJC_LITERAL_CONVERSION = YES;
				CLANG_WARN_OBJC_ROOT_CLASS = YES_ERROR;
				CLANG_WARN_QUOTED_INCLUDE_IN_FRAMEWORK_HEADER = YES;
				CLANG_WARN_RANGE_LOOP_ANALYSIS = YES;
				CLANG_WARN_STRICT_PROTOTYPES = YES;
				CLANG_WARN_SUSPICIOUS_MOVE = YES;
				CLANG_WARN_UNGUARDED_AVAILABILITY = YES_AGGRESSIVE;
				CLANG_WARN_UNREACHABLE_CODE = YES;
				CLANG_WARN__DUPLICATE_METHOD_MATCH = YES;
				COPY_PHASE_STRIP = NO;
				DEBUG_INFORMATION_FORMAT = "dwarf-with-dsym";
				ENABLE_NS_ASSERTIONS = NO;
				ENABLE_STRICT_OBJC_MSGSEND = YES;
				ENABLE_USER_SCRIPT_SANDBOXING = YES;
				GCC_C_LANGUAGE_STANDARD = gnu17;
				GCC_NO_COMMON_BLOCKS = YES;
				GCC_WARN_64_TO_32_BIT_CONVERSION = YES;
				GCC_WARN_ABOUT_RETURN_TYPE = YES_ERROR;
				GCC_WARN_UNDECLARED_SELECTOR = YES;
				GCC_WARN_UNINITIALIZED_AUTOS = YES_AGGRESSIVE;
				GCC_WARN_UNUSED_FUNCTION = YES;
				GCC_WARN_UNUSED_VARIABLE = YES;
				IPHONEOS_DEPLOYMENT_TARGET = 17.0;
				LOCALIZATION_PREFERS_STRING_CATALOGS = YES;
				MTL_ENABLE_DEBUG_INFO = NO;
				MTL_FAST_MATH = YES;
				SDKROOT = iphoneos;
				SWIFT_COMPILATION_MODE = wholemodule;
				VALIDATE_PRODUCT = YES;
			};
			name = Release;
		};
		B08EB7B32AF8C1D900A146E7 /* Debug */ = {
			isa = XCBuildConfiguration;
			buildSettings = {
				ASSETCATALOG_COMPILER_APPICON_NAME = AppIcon;
				ASSETCATALOG_COMPILER_GLOBAL_ACCENT_COLOR_NAME = AccentColor;
				CODE_SIGN_STYLE = Automatic;
				CURRENT_PROJECT_VERSION = 1;
				DEVELOPMENT_TEAM = 938S7MPD5R;
				GENERATE_INFOPLIST_FILE = YES;
				INFOPLIST_FILE = DisneyCharacterInfo/Info.plist;
				INFOPLIST_KEY_UIApplicationSupportsIndirectInputEvents = YES;
				INFOPLIST_KEY_UILaunchStoryboardName = LaunchScreen;
				INFOPLIST_KEY_UIMainStoryboardFile = Main;
				INFOPLIST_KEY_UISupportedInterfaceOrientations_iPad = "UIInterfaceOrientationPortrait UIInterfaceOrientationPortraitUpsideDown UIInterfaceOrientationLandscapeLeft UIInterfaceOrientationLandscapeRight";
				INFOPLIST_KEY_UISupportedInterfaceOrientations_iPhone = "UIInterfaceOrientationPortrait UIInterfaceOrientationLandscapeLeft UIInterfaceOrientationLandscapeRight";
				LD_RUNPATH_SEARCH_PATHS = (
					"$(inherited)",
					"@executable_path/Frameworks",
				);
				MARKETING_VERSION = 1.0;
				PRODUCT_BUNDLE_IDENTIFIER = me.yoong.tim.DisneyCharacterInfo;
				PRODUCT_NAME = "$(TARGET_NAME)";
				SWIFT_EMIT_LOC_STRINGS = YES;
				SWIFT_VERSION = 5.0;
				TARGETED_DEVICE_FAMILY = "1,2";
			};
			name = Debug;
		};
		B08EB7B42AF8C1D900A146E7 /* Release */ = {
			isa = XCBuildConfiguration;
			buildSettings = {
				ASSETCATALOG_COMPILER_APPICON_NAME = AppIcon;
				ASSETCATALOG_COMPILER_GLOBAL_ACCENT_COLOR_NAME = AccentColor;
				CODE_SIGN_STYLE = Automatic;
				CURRENT_PROJECT_VERSION = 1;
				DEVELOPMENT_TEAM = 938S7MPD5R;
				GENERATE_INFOPLIST_FILE = YES;
				INFOPLIST_FILE = DisneyCharacterInfo/Info.plist;
				INFOPLIST_KEY_UIApplicationSupportsIndirectInputEvents = YES;
				INFOPLIST_KEY_UILaunchStoryboardName = LaunchScreen;
				INFOPLIST_KEY_UIMainStoryboardFile = Main;
				INFOPLIST_KEY_UISupportedInterfaceOrientations_iPad = "UIInterfaceOrientationPortrait UIInterfaceOrientationPortraitUpsideDown UIInterfaceOrientationLandscapeLeft UIInterfaceOrientationLandscapeRight";
				INFOPLIST_KEY_UISupportedInterfaceOrientations_iPhone = "UIInterfaceOrientationPortrait UIInterfaceOrientationLandscapeLeft UIInterfaceOrientationLandscapeRight";
				LD_RUNPATH_SEARCH_PATHS = (
					"$(inherited)",
					"@executable_path/Frameworks",
				);
				MARKETING_VERSION = 1.0;
				PRODUCT_BUNDLE_IDENTIFIER = me.yoong.tim.DisneyCharacterInfo;
				PRODUCT_NAME = "$(TARGET_NAME)";
				SWIFT_EMIT_LOC_STRINGS = YES;
				SWIFT_VERSION = 5.0;
				TARGETED_DEVICE_FAMILY = "1,2";
			};
			name = Release;
		};
		B08EB7B62AF8C1D900A146E7 /* Debug */ = {
			isa = XCBuildConfiguration;
			buildSettings = {
				ALWAYS_EMBED_SWIFT_STANDARD_LIBRARIES = YES;
				BUNDLE_LOADER = "$(TEST_HOST)";
				CODE_SIGN_STYLE = Automatic;
				CURRENT_PROJECT_VERSION = 1;
				DEVELOPMENT_TEAM = 938S7MPD5R;
				GENERATE_INFOPLIST_FILE = YES;
				IPHONEOS_DEPLOYMENT_TARGET = 17.0;
				MARKETING_VERSION = 1.0;
				PRODUCT_BUNDLE_IDENTIFIER = me.yoong.tim.DisneyCharacterInfoTests;
				PRODUCT_NAME = "$(TARGET_NAME)";
				SWIFT_EMIT_LOC_STRINGS = NO;
				SWIFT_VERSION = 5.0;
				TARGETED_DEVICE_FAMILY = "1,2";
				TEST_HOST = "$(BUILT_PRODUCTS_DIR)/DisneyCharacterInfo.app/$(BUNDLE_EXECUTABLE_FOLDER_PATH)/DisneyCharacterInfo";
			};
			name = Debug;
		};
		B08EB7B72AF8C1D900A146E7 /* Release */ = {
			isa = XCBuildConfiguration;
			buildSettings = {
				ALWAYS_EMBED_SWIFT_STANDARD_LIBRARIES = YES;
				BUNDLE_LOADER = "$(TEST_HOST)";
				CODE_SIGN_STYLE = Automatic;
				CURRENT_PROJECT_VERSION = 1;
				DEVELOPMENT_TEAM = 938S7MPD5R;
				GENERATE_INFOPLIST_FILE = YES;
				IPHONEOS_DEPLOYMENT_TARGET = 17.0;
				MARKETING_VERSION = 1.0;
				PRODUCT_BUNDLE_IDENTIFIER = me.yoong.tim.DisneyCharacterInfoTests;
				PRODUCT_NAME = "$(TARGET_NAME)";
				SWIFT_EMIT_LOC_STRINGS = NO;
				SWIFT_VERSION = 5.0;
				TARGETED_DEVICE_FAMILY = "1,2";
				TEST_HOST = "$(BUILT_PRODUCTS_DIR)/DisneyCharacterInfo.app/$(BUNDLE_EXECUTABLE_FOLDER_PATH)/DisneyCharacterInfo";
			};
			name = Release;
		};
		B08EB7B92AF8C1D900A146E7 /* Debug */ = {
			isa = XCBuildConfiguration;
			buildSettings = {
				ALWAYS_EMBED_SWIFT_STANDARD_LIBRARIES = YES;
				CODE_SIGN_STYLE = Automatic;
				CURRENT_PROJECT_VERSION = 1;
				DEVELOPMENT_TEAM = 938S7MPD5R;
				GENERATE_INFOPLIST_FILE = YES;
				MARKETING_VERSION = 1.0;
				PRODUCT_BUNDLE_IDENTIFIER = me.yoong.tim.DisneyCharacterInfoUITests;
				PRODUCT_NAME = "$(TARGET_NAME)";
				SWIFT_EMIT_LOC_STRINGS = NO;
				SWIFT_VERSION = 5.0;
				TARGETED_DEVICE_FAMILY = "1,2";
				TEST_TARGET_NAME = DisneyCharacterInfo;
			};
			name = Debug;
		};
		B08EB7BA2AF8C1D900A146E7 /* Release */ = {
			isa = XCBuildConfiguration;
			buildSettings = {
				ALWAYS_EMBED_SWIFT_STANDARD_LIBRARIES = YES;
				CODE_SIGN_STYLE = Automatic;
				CURRENT_PROJECT_VERSION = 1;
				DEVELOPMENT_TEAM = 938S7MPD5R;
				GENERATE_INFOPLIST_FILE = YES;
				MARKETING_VERSION = 1.0;
				PRODUCT_BUNDLE_IDENTIFIER = me.yoong.tim.DisneyCharacterInfoUITests;
				PRODUCT_NAME = "$(TARGET_NAME)";
				SWIFT_EMIT_LOC_STRINGS = NO;
				SWIFT_VERSION = 5.0;
				TARGETED_DEVICE_FAMILY = "1,2";
				TEST_TARGET_NAME = DisneyCharacterInfo;
			};
			name = Release;
		};
/* End XCBuildConfiguration section */

/* Begin XCConfigurationList section */
		B08EB7832AF8C1CE00A146E7 /* Build configuration list for PBXProject "DisneyCharacterInfo" */ = {
			isa = XCConfigurationList;
			buildConfigurations = (
				B08EB7B02AF8C1D900A146E7 /* Debug */,
				B08EB7B12AF8C1D900A146E7 /* Release */,
			);
			defaultConfigurationIsVisible = 0;
			defaultConfigurationName = Release;
		};
		B08EB7B22AF8C1D900A146E7 /* Build configuration list for PBXNativeTarget "DisneyCharacterInfo" */ = {
			isa = XCConfigurationList;
			buildConfigurations = (
				B08EB7B32AF8C1D900A146E7 /* Debug */,
				B08EB7B42AF8C1D900A146E7 /* Release */,
			);
			defaultConfigurationIsVisible = 0;
			defaultConfigurationName = Release;
		};
		B08EB7B52AF8C1D900A146E7 /* Build configuration list for PBXNativeTarget "DisneyCharacterInfoTests" */ = {
			isa = XCConfigurationList;
			buildConfigurations = (
				B08EB7B62AF8C1D900A146E7 /* Debug */,
				B08EB7B72AF8C1D900A146E7 /* Release */,
			);
			defaultConfigurationIsVisible = 0;
			defaultConfigurationName = Release;
		};
		B08EB7B82AF8C1D900A146E7 /* Build configuration list for PBXNativeTarget "DisneyCharacterInfoUITests" */ = {
			isa = XCConfigurationList;
			buildConfigurations = (
				B08EB7B92AF8C1D900A146E7 /* Debug */,
				B08EB7BA2AF8C1D900A146E7 /* Release */,
			);
			defaultConfigurationIsVisible = 0;
			defaultConfigurationName = Release;
		};
/* End XCConfigurationList section */
	};
	rootObject = B08EB7802AF8C1CE00A146E7 /* Project object */;
}
